
Microsoft Visual Studio Solution File, Format Version 12.00
# Visual Studio Version 16
VisualStudioVersion = 16.0.30517.126
MinimumVisualStudioVersion = 10.0.40219.1
Project("{9A19103F-16F7-4668-BE54-9A1E7A4F7556}") = "FilmesAPI", "FilmesAPI\FilmesAPI.csproj", "{0F78094F-0B2A-4A17-851A-FCFB1AFA40F2}"
EndProject
Project("{FAE04EC0-301F-11D3-BF4B-00C04F79EFBC}") = "UsuariosAPI", "UsuariosAPI\UsuariosAPI.csproj", "{BB893ABB-82DE-4072-9907-F63F1D99BA94}"
EndProject
Global
	GlobalSection(SolutionConfigurationPlatforms) = preSolution
		Debug|Any CPU = Debug|Any CPU
		Release|Any CPU = Release|Any CPU
	EndGlobalSection
	GlobalSection(ProjectConfigurationPlatforms) = postSolution
		{0F78094F-0B2A-4A17-851A-FCFB1AFA40F2}.Debug|Any CPU.ActiveCfg = Debug|Any CPU
		{0F78094F-0B2A-4A17-851A-FCFB1AFA40F2}.Debug|Any CPU.Build.0 = Debug|Any CPU
		{0F78094F-0B2A-4A17-851A-FCFB1AFA40F2}.Release|Any CPU.ActiveCfg = Release|Any CPU
		{0F78094F-0B2A-4A17-851A-FCFB1AFA40F2}.Release|Any CPU.Build.0 = Release|Any CPU
		{BB893ABB-82DE-4072-9907-F63F1D99BA94}.Debug|Any CPU.ActiveCfg = Debug|Any CPU
		{BB893ABB-82DE-4072-9907-F63F1D99BA94}.Debug|Any CPU.Build.0 = Debug|Any CPU
		{BB893ABB-82DE-4072-9907-F63F1D99BA94}.Release|Any CPU.ActiveCfg = Release|Any CPU
		{BB893ABB-82DE-4072-9907-F63F1D99BA94}.Release|Any CPU.Build.0 = Release|Any CPU
	EndGlobalSection
	GlobalSection(SolutionProperties) = preSolution
		HideSolutionNode = FALSE
	EndGlobalSection
	GlobalSection(ExtensibilityGlobals) = postSolution
		SolutionGuid = {BDE0884C-D13D-41FF-A6F1-DBAE25C05BA0}
	EndGlobalSection
EndGlobal
